
Microsoft Visual Studio Solution File, Format Version 12.00
Project("{FAE04EC0-301F-11D3-BF4B-00C04F79EFBC}") = "Application", "src\Application\Application.csproj", "{C38F86DA-7E24-4D29-AADD-8F93CF110518}"
EndProject
Project("{FAE04EC0-301F-11D3-BF4B-00C04F79EFBC}") = "Domain", "src\Domain\Domain.csproj", "{1EA22B1A-A062-4471-B6A9-3763F5E096E9}"
EndProject
Project("{FAE04EC0-301F-11D3-BF4B-00C04F79EFBC}") = "Infrastructure", "src\Infrastructure\Infrastructure.csproj", "{D59E93CD-B700-4804-8B68-1289DE5B95B2}"
EndProject
Project("{FAE04EC0-301F-11D3-BF4B-00C04F79EFBC}") = "Web", "src\Web\Web.csproj", "{C0FB6590-A639-45F9-B509-8C56D3576D9A}"
EndProject
Project("{FAE04EC0-301F-11D3-BF4B-00C04F79EFBC}") = "Application.IntegrationTests", "tests\Application.IntegrationTests\Application.IntegrationTests.csproj", "{26230595-3833-47A9-8E7F-51F4EA29D474}"
EndProject
Global
	GlobalSection(SolutionConfigurationPlatforms) = preSolution
		Debug|Any CPU = Debug|Any CPU
		Release|Any CPU = Release|Any CPU
	EndGlobalSection
	GlobalSection(ProjectConfigurationPlatforms) = postSolution
		{C38F86DA-7E24-4D29-AADD-8F93CF110518}.Debug|Any CPU.ActiveCfg = Debug|Any CPU
		{C38F86DA-7E24-4D29-AADD-8F93CF110518}.Debug|Any CPU.Build.0 = Debug|Any CPU
		{C38F86DA-7E24-4D29-AADD-8F93CF110518}.Release|Any CPU.ActiveCfg = Release|Any CPU
		{C38F86DA-7E24-4D29-AADD-8F93CF110518}.Release|Any CPU.Build.0 = Release|Any CPU
		{1EA22B1A-A062-4471-B6A9-3763F5E096E9}.Debug|Any CPU.ActiveCfg = Debug|Any CPU
		{1EA22B1A-A062-4471-B6A9-3763F5E096E9}.Debug|Any CPU.Build.0 = Debug|Any CPU
		{1EA22B1A-A062-4471-B6A9-3763F5E096E9}.Release|Any CPU.ActiveCfg = Release|Any CPU
		{1EA22B1A-A062-4471-B6A9-3763F5E096E9}.Release|Any CPU.Build.0 = Release|Any CPU
		{D59E93CD-B700-4804-8B68-1289DE5B95B2}.Debug|Any CPU.ActiveCfg = Debug|Any CPU
		{D59E93CD-B700-4804-8B68-1289DE5B95B2}.Debug|Any CPU.Build.0 = Debug|Any CPU
		{D59E93CD-B700-4804-8B68-1289DE5B95B2}.Release|Any CPU.ActiveCfg = Release|Any CPU
		{D59E93CD-B700-4804-8B68-1289DE5B95B2}.Release|Any CPU.Build.0 = Release|Any CPU
		{C0FB6590-A639-45F9-B509-8C56D3576D9A}.Debug|Any CPU.ActiveCfg = Debug|Any CPU
		{C0FB6590-A639-45F9-B509-8C56D3576D9A}.Debug|Any CPU.Build.0 = Debug|Any CPU
		{C0FB6590-A639-45F9-B509-8C56D3576D9A}.Release|Any CPU.ActiveCfg = Release|Any CPU
		{C0FB6590-A639-45F9-B509-8C56D3576D9A}.Release|Any CPU.Build.0 = Release|Any CPU
		{26230595-3833-47A9-8E7F-51F4EA29D474}.Debug|Any CPU.ActiveCfg = Debug|Any CPU
		{26230595-3833-47A9-8E7F-51F4EA29D474}.Debug|Any CPU.Build.0 = Debug|Any CPU
		{26230595-3833-47A9-8E7F-51F4EA29D474}.Release|Any CPU.ActiveCfg = Release|Any CPU
		{26230595-3833-47A9-8E7F-51F4EA29D474}.Release|Any CPU.Build.0 = Release|Any CPU
	EndGlobalSection
EndGlobal
